// !$*UTF8*$!
{
	archiveVersion = 1;
	classes = {
	};
	objectVersion = 77;
	objects = {

/* Begin PBXBuildFile section */
		159A221D2ED978DA00439E2F /* SDWebImage in Frameworks */ = {isa = PBXBuildFile; productRef = 159A221C2ED978DA00439E2F /* SDWebImage */; };
		159A22202ED978E800439E2F /* IGListDiffKit in Frameworks */ = {isa = PBXBuildFile; productRef = 159A221F2ED978E800439E2F /* IGListDiffKit */; };
		159A22222ED978E800439E2F /* IGListKit in Frameworks */ = {isa = PBXBuildFile; productRef = 159A22212ED978E800439E2F /* IGListKit */; };
		159A22242ED978E800439E2F /* IGListSwiftKit in Frameworks */ = {isa = PBXBuildFile; productRef = 159A22232ED978E800439E2F /* IGListSwiftKit */; };
		159A22272ED978F400439E2F /* FlexLayout in Frameworks */ = {isa = PBXBuildFile; productRef = 159A22262ED978F400439E2F /* FlexLayout */; };
		159A222A2ED9790400439E2F /* PinLayout in Frameworks */ = {isa = PBXBuildFile; productRef = 159A22292ED9790400439E2F /* PinLayout */; };
		159A222D2ED9799A00439E2F /* PhotoModel.swift in Sources */ = {isa = PBXBuildFile; fileRef = 159A222C2ED9799A00439E2F /* PhotoModel.swift */; };
		159A222F2ED979A500439E2F /* PhotoService.swift in Sources */ = {isa = PBXBuildFile; fileRef = 159A222E2ED979A500439E2F /* PhotoService.swift */; };
		159A22312ED979B300439E2F /* PhotoViewModel.swift in Sources */ = {isa = PBXBuildFile; fileRef = 159A22302ED979B300439E2F /* PhotoViewModel.swift */; };
		159A22342ED97C2900439E2F /* PhotoSectionController.swift in Sources */ = {isa = PBXBuildFile; fileRef = 159A22332ED97C2900439E2F /* PhotoSectionController.swift */; };
		159A22352ED97C2900439E2F /* PhotoCell.swift in Sources */ = {isa = PBXBuildFile; fileRef = 159A22322ED97C2900439E2F /* PhotoCell.swift */; };
		159A22382ED97DDC00439E2F /* SnapKit in Frameworks */ = {isa = PBXBuildFile; productRef = 159A22372ED97DDC00439E2F /* SnapKit */; };
		159A223A2ED9818400439E2F /* NativeCollectionViewController.swift in Sources */ = {isa = PBXBuildFile; fileRef = 159A22392ED9818400439E2F /* NativeCollectionViewController.swift */; };
		159A223D2ED9858100439E2F /* NativePhotoViewModel.swift in Sources */ = {isa = PBXBuildFile; fileRef = 159A223C2ED9858100439E2F /* NativePhotoViewModel.swift */; };
		159A223E2ED9858100439E2F /* NativePhotoCell.swift in Sources */ = {isa = PBXBuildFile; fileRef = 159A223B2ED9858100439E2F /* NativePhotoCell.swift */; };
/* End PBXBuildFile section */

/* Begin PBXFileReference section */
		159A22032ED978CC00439E2F /* TESTSP005.app */ = {isa = PBXFileReference; explicitFileType = wrapper.application; includeInIndex = 0; path = TESTSP005.app; sourceTree = BUILT_PRODUCTS_DIR; };
		159A222C2ED9799A00439E2F /* PhotoModel.swift */ = {isa = PBXFileReference; lastKnownFileType = sourcecode.swift; path = PhotoModel.swift; sourceTree = "<group>"; };
		159A222E2ED979A500439E2F /* PhotoService.swift */ = {isa = PBXFileReference; lastKnownFileType = sourcecode.swift; path = PhotoService.swift; sourceTree = "<group>"; };
		159A22302ED979B300439E2F /* PhotoViewModel.swift */ = {isa = PBXFileReference; lastKnownFileType = sourcecode.swift; path = PhotoViewModel.swift; sourceTree = "<group>"; };
		159A22322ED97C2900439E2F /* PhotoCell.swift */ = {isa = PBXFileReference; lastKnownFileType = sourcecode.swift; path = PhotoCell.swift; sourceTree = "<group>"; };
		159A22332ED97C2900439E2F /* PhotoSectionController.swift */ = {isa = PBXFileReference; lastKnownFileType = sourcecode.swift; path = PhotoSectionController.swift; sourceTree = "<group>"; };
		159A22392ED9818400439E2F /* NativeCollectionViewController.swift */ = {isa = PBXFileReference; lastKnownFileType = sourcecode.swift; path = NativeCollectionViewController.swift; sourceTree = "<group>"; };
		159A223B2ED9858100439E2F /* NativePhotoCell.swift */ = {isa = PBXFileReference; lastKnownFileType = sourcecode.swift; path = NativePhotoCell.swift; sourceTree = "<group>"; };
		159A223C2ED9858100439E2F /* NativePhotoViewModel.swift */ = {isa = PBXFileReference; lastKnownFileType = sourcecode.swift; path = NativePhotoViewModel.swift; sourceTree = "<group>"; };
/* End PBXFileReference section */

/* Begin PBXFileSystemSynchronizedBuildFileExceptionSet section */
		159A22152ED978CC00439E2F /* Exceptions for "TESTSP005" folder in "TESTSP005" target */ = {
			isa = PBXFileSystemSynchronizedBuildFileExceptionSet;
			membershipExceptions = (
				Info.plist,
			);
			target = 159A22022ED978CC00439E2F /* TESTSP005 */;
		};
/* End PBXFileSystemSynchronizedBuildFileExceptionSet section */

/* Begin PBXFileSystemSynchronizedRootGroup section */
		159A22052ED978CC00439E2F /* TESTSP005 */ = {
			isa = PBXFileSystemSynchronizedRootGroup;
			exceptions = (
				159A22152ED978CC00439E2F /* Exceptions for "TESTSP005" folder in "TESTSP005" target */,
			);
			path = TESTSP005;
			sourceTree = "<group>";
		};
/* End PBXFileSystemSynchronizedRootGroup section */

/* Begin PBXFrameworksBuildPhase section */
		159A22002ED978CC00439E2F /* Frameworks */ = {
			isa = PBXFrameworksBuildPhase;
			buildActionMask = 2147483647;
			files = (
				159A222A2ED9790400439E2F /* PinLayout in Frameworks */,
				159A22202ED978E800439E2F /* IGListDiffKit in Frameworks */,
				159A22222ED978E800439E2F /* IGListKit in Frameworks */,
				159A22382ED97DDC00439E2F /* SnapKit in Frameworks */,
				159A22272ED978F400439E2F /* FlexLayout in Frameworks */,
				159A221D2ED978DA00439E2F /* SDWebImage in Frameworks */,
				159A22242ED978E800439E2F /* IGListSwiftKit in Frameworks */,
			);
			runOnlyForDeploymentPostprocessing = 0;
		};
/* End PBXFrameworksBuildPhase section */

/* Begin PBXGroup section */
		159A21FA2ED978CC00439E2F = {
			isa = PBXGroup;
			children = (
				159A223F2ED9889700439E2F /* Native */,
				159A222B2ED9798C00439E2F /* Photos */,
				159A22052ED978CC00439E2F /* TESTSP005 */,
				159A22042ED978CC00439E2F /* Products */,
			);
			sourceTree = "<group>";
		};
		159A22042ED978CC00439E2F /* Products */ = {
			isa = PBXGroup;
			children = (
				159A22032ED978CC00439E2F /* TESTSP005.app */,
			);
			name = Products;
			sourceTree = "<group>";
		};
		159A222B2ED9798C00439E2F /* Photos */ = {
			isa = PBXGroup;
			children = (
				159A22322ED97C2900439E2F /* PhotoCell.swift */,
				159A22332ED97C2900439E2F /* PhotoSectionController.swift */,
				159A222C2ED9799A00439E2F /* PhotoModel.swift */,
				159A222E2ED979A500439E2F /* PhotoService.swift */,
				159A22302ED979B300439E2F /* PhotoViewModel.swift */,
			);
			path = Photos;
			sourceTree = "<group>";
		};
		159A223F2ED9889700439E2F /* Native */ = {
			isa = PBXGroup;
			children = (
				159A223B2ED9858100439E2F /* NativePhotoCell.swift */,
				159A223C2ED9858100439E2F /* NativePhotoViewModel.swift */,
				159A22392ED9818400439E2F /* NativeCollectionViewController.swift */,
			);
			path = Native;
			sourceTree = "<group>";
		};
/* End PBXGroup section */

/* Begin PBXNativeTarget section */
		159A22022ED978CC00439E2F /* TESTSP005 */ = {
			isa = PBXNativeTarget;
			buildConfigurationList = 159A22162ED978CC00439E2F /* Build configuration list for PBXNativeTarget "TESTSP005" */;
			buildPhases = (
				159A21FF2ED978CC00439E2F /* Sources */,
				159A22002ED978CC00439E2F /* Frameworks */,
				159A22012ED978CC00439E2F /* Resources */,
			);
			buildRules = (
			);
			dependencies = (
			);
			fileSystemSynchronizedGroups = (
				159A22052ED978CC00439E2F /* TESTSP005 */,
			);
			name = TESTSP005;
			packageProductDependencies = (
				159A221C2ED978DA00439E2F /* SDWebImage */,
				159A221F2ED978E800439E2F /* IGListDiffKit */,
				159A22212ED978E800439E2F /* IGListKit */,
				159A22232ED978E800439E2F /* IGListSwiftKit */,
				159A22262ED978F400439E2F /* FlexLayout */,
				159A22292ED9790400439E2F /* PinLayout */,
				159A22372ED97DDC00439E2F /* SnapKit */,
			);
			productName = TESTSP005;
			productReference = 159A22032ED978CC00439E2F /* TESTSP005.app */;
			productType = "com.apple.product-type.application";
		};
/* End PBXNativeTarget section */

/* Begin PBXProject section */
		159A21FB2ED978CC00439E2F /* Project object */ = {
			isa = PBXProject;
			attributes = {
				BuildIndependentTargetsInParallel = 1;
				LastSwiftUpdateCheck = 2610;
				LastUpgradeCheck = 2610;
				TargetAttributes = {
					159A22022ED978CC00439E2F = {
						CreatedOnToolsVersion = 26.1.1;
					};
				};
			};
			buildConfigurationList = 159A21FE2ED978CC00439E2F /* Build configuration list for PBXProject "TESTSP005" */;
			developmentRegion = en;
			hasScannedForEncodings = 0;
			knownRegions = (
				en,
				Base,
			);
			mainGroup = 159A21FA2ED978CC00439E2F;
			minimizedProjectReferenceProxies = 1;
			packageReferences = (
				159A221B2ED978DA00439E2F /* XCRemoteSwiftPackageReference "SDWebImage" */,
				159A221E2ED978E800439E2F /* XCRemoteSwiftPackageReference "IGListKit" */,
				159A22252ED978F400439E2F /* XCRemoteSwiftPackageReference "FlexLayout" */,
				159A22282ED9790400439E2F /* XCRemoteSwiftPackageReference "PinLayout" */,
				159A22362ED97DDC00439E2F /* XCRemoteSwiftPackageReference "SnapKit" */,
			);
			preferredProjectObjectVersion = 77;
			productRefGroup = 159A22042ED978CC00439E2F /* Products */;
			projectDirPath = "";
			projectRoot = "";
			targets = (
				159A22022ED978CC00439E2F /* TESTSP005 */,
			);
		};
/* End PBXProject section */

/* Begin PBXResourcesBuildPhase section */
		159A22012ED978CC00439E2F /* Resources */ = {
			isa = PBXResourcesBuildPhase;
			buildActionMask = 2147483647;
			files = (
			);
			runOnlyForDeploymentPostprocessing = 0;
		};
/* End PBXResourcesBuildPhase section */

/* Begin PBXSourcesBuildPhase section */
		159A21FF2ED978CC00439E2F /* Sources */ = {
			isa = PBXSourcesBuildPhase;
			buildActionMask = 2147483647;
			files = (
				159A222F2ED979A500439E2F /* PhotoService.swift in Sources */,
				159A22312ED979B300439E2F /* PhotoViewModel.swift in Sources */,
				159A22342ED97C2900439E2F /* PhotoSectionController.swift in Sources */,
				159A22352ED97C2900439E2F /* PhotoCell.swift in Sources */,
				159A222D2ED9799A00439E2F /* PhotoModel.swift in Sources */,
				159A223D2ED9858100439E2F /* NativePhotoViewModel.swift in Sources */,
				159A223E2ED9858100439E2F /* NativePhotoCell.swift in Sources */,
				159A223A2ED9818400439E2F /* NativeCollectionViewController.swift in Sources */,
			);
			runOnlyForDeploymentPostprocessing = 0;
		};
/* End PBXSourcesBuildPhase section */

/* Begin XCBuildConfiguration section */
		159A22172ED978CC00439E2F /* Debug */ = {
			isa = XCBuildConfiguration;
			buildSettings = {
				ASSETCATALOG_COMPILER_APPICON_NAME = AppIcon;
				ASSETCATALOG_COMPILER_GLOBAL_ACCENT_COLOR_NAME = AccentColor;
				CODE_SIGN_STYLE = Automatic;
				CURRENT_PROJECT_VERSION = 1;
				DEVELOPMENT_TEAM = G5A93Q7SG9;
				GENERATE_INFOPLIST_FILE = YES;
				INFOPLIST_FILE = TESTSP005/Info.plist;
				INFOPLIST_KEY_UIApplicationSupportsIndirectInputEvents = YES;
				INFOPLIST_KEY_UILaunchStoryboardName = LaunchScreen;
				INFOPLIST_KEY_UISupportedInterfaceOrientations_iPad = "UIInterfaceOrientationPortrait UIInterfaceOrientationPortraitUpsideDown UIInterfaceOrientationLandscapeLeft UIInterfaceOrientationLandscapeRight";
				INFOPLIST_KEY_UISupportedInterfaceOrientations_iPhone = "UIInterfaceOrientationPortrait UIInterfaceOrientationLandscapeLeft UIInterfaceOrientationLandscapeRight";
				LD_RUNPATH_SEARCH_PATHS = (
					"$(inherited)",
					"@executable_path/Frameworks",
				);
				MARKETING_VERSION = 1.0;
				PRODUCT_BUNDLE_IDENTIFIER = willyhsu.co.TESTSP005;
				PRODUCT_NAME = "$(TARGET_NAME)";
				STRING_CATALOG_GENERATE_SYMBOLS = YES;
				SWIFT_APPROACHABLE_CONCURRENCY = YES;
				SWIFT_DEFAULT_ACTOR_ISOLATION = MainActor;
				SWIFT_EMIT_LOC_STRINGS = YES;
				SWIFT_UPCOMING_FEATURE_MEMBER_IMPORT_VISIBILITY = YES;
				SWIFT_VERSION = 5.0;
				TARGETED_DEVICE_FAMILY = "1,2";
			};
			name = Debug;
		};
		159A22182ED978CC00439E2F /* Release */ = {
			isa = XCBuildConfiguration;
			buildSettings = {
				ASSETCATALOG_COMPILER_APPICON_NAME = AppIcon;
				ASSETCATALOG_COMPILER_GLOBAL_ACCENT_COLOR_NAME = AccentColor;
				CODE_SIGN_STYLE = Automatic;
				CURRENT_PROJECT_VERSION = 1;
				DEVELOPMENT_TEAM = G5A93Q7SG9;
				GENERATE_INFOPLIST_FILE = YES;
				INFOPLIST_FILE = TESTSP005/Info.plist;
				INFOPLIST_KEY_UIApplicationSupportsIndirectInputEvents = YES;
				INFOPLIST_KEY_UILaunchStoryboardName = LaunchScreen;
				INFOPLIST_KEY_UISupportedInterfaceOrientations_iPad = "UIInterfaceOrientationPortrait UIInterfaceOrientationPortraitUpsideDown UIInterfaceOrientationLandscapeLeft UIInterfaceOrientationLandscapeRight";
				INFOPLIST_KEY_UISupportedInterfaceOrientations_iPhone = "UIInterfaceOrientationPortrait UIInterfaceOrientationLandscapeLeft UIInterfaceOrientationLandscapeRight";
				LD_RUNPATH_SEARCH_PATHS = (
					"$(inherited)",
					"@executable_path/Frameworks",
				);
				MARKETING_VERSION = 1.0;
				PRODUCT_BUNDLE_IDENTIFIER = willyhsu.co.TESTSP005;
				PRODUCT_NAME = "$(TARGET_NAME)";
				STRING_CATALOG_GENERATE_SYMBOLS = YES;
				SWIFT_APPROACHABLE_CONCURRENCY = YES;
				SWIFT_DEFAULT_ACTOR_ISOLATION = MainActor;
				SWIFT_EMIT_LOC_STRINGS = YES;
				SWIFT_UPCOMING_FEATURE_MEMBER_IMPORT_VISIBILITY = YES;
				SWIFT_VERSION = 5.0;
				TARGETED_DEVICE_FAMILY = "1,2";
			};
			name = Release;
		};
		159A22192ED978CC00439E2F /* Debug */ = {
			isa = XCBuildConfiguration;
			buildSettings = {
				ALWAYS_SEARCH_USER_PATHS = NO;
				ASSETCATALOG_COMPILER_GENERATE_SWIFT_ASSET_SYMBOL_EXTENSIONS = YES;
				CLANG_ANALYZER_NONNULL = YES;
				CLANG_ANALYZER_NUMBER_OBJECT_CONVERSION = YES_AGGRESSIVE;
				CLANG_CXX_LANGUAGE_STANDARD = "gnu++20";
				CLANG_ENABLE_MODULES = YES;
				CLANG_ENABLE_OBJC_ARC = YES;
				CLANG_ENABLE_OBJC_WEAK = YES;
				CLANG_WARN_BLOCK_CAPTURE_AUTORELEASING = YES;
				CLANG_WARN_BOOL_CONVERSION = YES;
				CLANG_WARN_COMMA = YES;
				CLANG_WARN_CONSTANT_CONVERSION = YES;
				CLANG_WARN_DEPRECATED_OBJC_IMPLEMENTATIONS = YES;
				CLANG_WARN_DIRECT_OBJC_ISA_USAGE = YES_ERROR;
				CLANG_WARN_DOCUMENTATION_COMMENTS = YES;
				CLANG_WARN_EMPTY_BODY = YES;
				CLANG_WARN_ENUM_CONVERSION = YES;
				CLANG_WARN_INFINITE_RECURSION = YES;
				CLANG_WARN_INT_CONVERSION = YES;
				CLANG_WARN_NON_LITERAL_NULL_CONVERSION = YES;
				CLANG_WARN_OBJC_IMPLICIT_RETAIN_SELF = YES;
				CLANG_WARN_OBJC_LITERAL_CONVERSION = YES;
				CLANG_WARN_OBJC_ROOT_CLASS = YES_ERROR;
				CLANG_WARN_QUOTED_INCLUDE_IN_FRAMEWORK_HEADER = YES;
				CLANG_WARN_RANGE_LOOP_ANALYSIS = YES;
				CLANG_WARN_STRICT_PROTOTYPES = YES;
				CLANG_WARN_SUSPICIOUS_MOVE = YES;
				CLANG_WARN_UNGUARDED_AVAILABILITY = YES_AGGRESSIVE;
				CLANG_WARN_UNREACHABLE_CODE = YES;
				CLANG_WARN__DUPLICATE_METHOD_MATCH = YES;
				COPY_PHASE_STRIP = NO;
				DEBUG_INFORMATION_FORMAT = dwarf;
				DEVELOPMENT_TEAM = G5A93Q7SG9;
				ENABLE_STRICT_OBJC_MSGSEND = YES;
				ENABLE_TESTABILITY = YES;
				ENABLE_USER_SCRIPT_SANDBOXING = YES;
				GCC_C_LANGUAGE_STANDARD = gnu17;
				GCC_DYNAMIC_NO_PIC = NO;
				GCC_NO_COMMON_BLOCKS = YES;
				GCC_OPTIMIZATION_LEVEL = 0;
				GCC_PREPROCESSOR_DEFINITIONS = (
					"DEBUG=1",
					"$(inherited)",
				);
				GCC_WARN_64_TO_32_BIT_CONVERSION = YES;
				GCC_WARN_ABOUT_RETURN_TYPE = YES_ERROR;
				GCC_WARN_UNDECLARED_SELECTOR = YES;
				GCC_WARN_UNINITIALIZED_AUTOS = YES_AGGRESSIVE;
				GCC_WARN_UNUSED_FUNCTION = YES;
				GCC_WARN_UNUSED_VARIABLE = YES;
				IPHONEOS_DEPLOYMENT_TARGET = 26.1;
				LOCALIZATION_PREFERS_STRING_CATALOGS = YES;
				MTL_ENABLE_DEBUG_INFO = INCLUDE_SOURCE;
				MTL_FAST_MATH = YES;
				ONLY_ACTIVE_ARCH = YES;
				SDKROOT = iphoneos;
				SWIFT_ACTIVE_COMPILATION_CONDITIONS = "DEBUG $(inherited)";
				SWIFT_OPTIMIZATION_LEVEL = "-Onone";
			};
			name = Debug;
		};
		159A221A2ED978CC00439E2F /* Release */ = {
			isa = XCBuildConfiguration;
			buildSettings = {
				ALWAYS_SEARCH_USER_PATHS = NO;
				ASSETCATALOG_COMPILER_GENERATE_SWIFT_ASSET_SYMBOL_EXTENSIONS = YES;
				CLANG_ANALYZER_NONNULL = YES;
				CLANG_ANALYZER_NUMBER_OBJECT_CONVERSION = YES_AGGRESSIVE;
				CLANG_CXX_LANGUAGE_STANDARD = "gnu++20";
				CLANG_ENABLE_MODULES = YES;
				CLANG_ENABLE_OBJC_ARC = YES;
				CLANG_ENABLE_OBJC_WEAK = YES;
				CLANG_WARN_BLOCK_CAPTURE_AUTORELEASING = YES;
				CLANG_WARN_BOOL_CONVERSION = YES;
				CLANG_WARN_COMMA = YES;
				CLANG_WARN_CONSTANT_CONVERSION = YES;
				CLANG_WARN_DEPRECATED_OBJC_IMPLEMENTATIONS = YES;
				CLANG_WARN_DIRECT_OBJC_ISA_USAGE = YES_ERROR;
				CLANG_WARN_DOCUMENTATION_COMMENTS = YES;
				CLANG_WARN_EMPTY_BODY = YES;
				CLANG_WARN_ENUM_CONVERSION = YES;
				CLANG_WARN_INFINITE_RECURSION = YES;
				CLANG_WARN_INT_CONVERSION = YES;
				CLANG_WARN_NON_LITERAL_NULL_CONVERSION = YES;
				CLANG_WARN_OBJC_IMPLICIT_RETAIN_SELF = YES;
				CLANG_WARN_OBJC_LITERAL_CONVERSION = YES;
				CLANG_WARN_OBJC_ROOT_CLASS = YES_ERROR;
				CLANG_WARN_QUOTED_INCLUDE_IN_FRAMEWORK_HEADER = YES;
				CLANG_WARN_RANGE_LOOP_ANALYSIS = YES;
				CLANG_WARN_STRICT_PROTOTYPES = YES;
				CLANG_WARN_SUSPICIOUS_MOVE = YES;
				CLANG_WARN_UNGUARDED_AVAILABILITY = YES_AGGRESSIVE;
				CLANG_WARN_UNREACHABLE_CODE = YES;
				CLANG_WARN__DUPLICATE_METHOD_MATCH = YES;
				COPY_PHASE_STRIP = NO;
				DEBUG_INFORMATION_FORMAT = "dwarf-with-dsym";
				DEVELOPMENT_TEAM = G5A93Q7SG9;
				ENABLE_NS_ASSERTIONS = NO;
				ENABLE_STRICT_OBJC_MSGSEND = YES;
				ENABLE_USER_SCRIPT_SANDBOXING = YES;
				GCC_C_LANGUAGE_STANDARD = gnu17;
				GCC_NO_COMMON_BLOCKS = YES;
				GCC_WARN_64_TO_32_BIT_CONVERSION = YES;
				GCC_WARN_ABOUT_RETURN_TYPE = YES_ERROR;
				GCC_WARN_UNDECLARED_SELECTOR = YES;
				GCC_WARN_UNINITIALIZED_AUTOS = YES_AGGRESSIVE;
				GCC_WARN_UNUSED_FUNCTION = YES;
				GCC_WARN_UNUSED_VARIABLE = YES;
				IPHONEOS_DEPLOYMENT_TARGET = 26.1;
				LOCALIZATION_PREFERS_STRING_CATALOGS = YES;
				MTL_ENABLE_DEBUG_INFO = NO;
				MTL_FAST_MATH = YES;
				SDKROOT = iphoneos;
				SWIFT_COMPILATION_MODE = wholemodule;
				VALIDATE_PRODUCT = YES;
			};
			name = Release;
		};
/* End XCBuildConfiguration section */

/* Begin XCConfigurationList section */
		159A21FE2ED978CC00439E2F /* Build configuration list for PBXProject "TESTSP005" */ = {
			isa = XCConfigurationList;
			buildConfigurations = (
				159A22192ED978CC00439E2F /* Debug */,
				159A221A2ED978CC00439E2F /* Release */,
			);
			defaultConfigurationIsVisible = 0;
			defaultConfigurationName = Release;
		};
		159A22162ED978CC00439E2F /* Build configuration list for PBXNativeTarget "TESTSP005" */ = {
			isa = XCConfigurationList;
			buildConfigurations = (
				159A22172ED978CC00439E2F /* Debug */,
				159A22182ED978CC00439E2F /* Release */,
			);
			defaultConfigurationIsVisible = 0;
			defaultConfigurationName = Release;
		};
/* End XCConfigurationList section */

/* Begin XCRemoteSwiftPackageReference section */
		159A221B2ED978DA00439E2F /* XCRemoteSwiftPackageReference "SDWebImage" */ = {
			isa = XCRemoteSwiftPackageReference;
			repositoryURL = "https://github.com/SDWebImage/SDWebImage";
			requirement = {
				kind = upToNextMajorVersion;
				minimumVersion = 5.21.3;
			};
		};
		159A221E2ED978E800439E2F /* XCRemoteSwiftPackageReference "IGListKit" */ = {
			isa = XCRemoteSwiftPackageReference;
			repositoryURL = "https://github.com/Instagram/IGListKit";
			requirement = {
				kind = upToNextMajorVersion;
				minimumVersion = 5.1.0;
			};
		};
		159A22252ED978F400439E2F /* XCRemoteSwiftPackageReference "FlexLayout" */ = {
			isa = XCRemoteSwiftPackageReference;
			repositoryURL = "https://github.com/layoutBox/FlexLayout";
			requirement = {
				kind = upToNextMajorVersion;
				minimumVersion = 2.2.2;
			};
		};
		159A22282ED9790400439E2F /* XCRemoteSwiftPackageReference "PinLayout" */ = {
			isa = XCRemoteSwiftPackageReference;
			repositoryURL = "https://github.com/layoutBox/PinLayout";
			requirement = {
				kind = upToNextMajorVersion;
				minimumVersion = 1.10.6;
			};
		};
		159A22362ED97DDC00439E2F /* XCRemoteSwiftPackageReference "SnapKit" */ = {
			isa = XCRemoteSwiftPackageReference;
			repositoryURL = "https://github.com/SnapKit/SnapKit";
			requirement = {
				kind = upToNextMajorVersion;
				minimumVersion = 5.7.1;
			};
		};
/* End XCRemoteSwiftPackageReference section */

/* Begin XCSwiftPackageProductDependency section */
		159A221C2ED978DA00439E2F /* SDWebImage */ = {
			isa = XCSwiftPackageProductDependency;
			package = 159A221B2ED978DA00439E2F /* XCRemoteSwiftPackageReference "SDWebImage" */;
			productName = SDWebImage;
		};
		159A221F2ED978E800439E2F /* IGListDiffKit */ = {
			isa = XCSwiftPackageProductDependency;
			package = 159A221E2ED978E800439E2F /* XCRemoteSwiftPackageReference "IGListKit" */;
			productName = IGListDiffKit;
		};
		159A22212ED978E800439E2F /* IGListKit */ = {
			isa = XCSwiftPackageProductDependency;
			package = 159A221E2ED978E800439E2F /* XCRemoteSwiftPackageReference "IGListKit" */;
			productName = IGListKit;
		};
		159A22232ED978E800439E2F /* IGListSwiftKit */ = {
			isa = XCSwiftPackageProductDependency;
			package = 159A221E2ED978E800439E2F /* XCRemoteSwiftPackageReference "IGListKit" */;
			productName = IGListSwiftKit;
		};
		159A22262ED978F400439E2F /* FlexLayout */ = {
			isa = XCSwiftPackageProductDependency;
			package = 159A22252ED978F400439E2F /* XCRemoteSwiftPackageReference "FlexLayout" */;
			productName = FlexLayout;
		};
		159A22292ED9790400439E2F /* PinLayout */ = {
			isa = XCSwiftPackageProductDependency;
			package = 159A22282ED9790400439E2F /* XCRemoteSwiftPackageReference "PinLayout" */;
			productName = PinLayout;
		};
		159A22372ED97DDC00439E2F /* SnapKit */ = {
			isa = XCSwiftPackageProductDependency;
			package = 159A22362ED97DDC00439E2F /* XCRemoteSwiftPackageReference "SnapKit" */;
			productName = SnapKit;
		};
/* End XCSwiftPackageProductDependency section */
	};
	rootObject = 159A21FB2ED978CC00439E2F /* Project object */;
}
